// !$*UTF8*$!
{
	archiveVersion = 1;
	classes = {
	};
	objectVersion = 48;
	objects = {

/* Begin PBXBuildFile section */
		094336C41FEB6AAC00EF74FF /* AppDelegate.m in Sources */ = {isa = PBXBuildFile; fileRef = 094336C31FEB6AAC00EF74FF /* AppDelegate.m */; };
		094336C71FEB6AAD00EF74FF /* ViewController.m in Sources */ = {isa = PBXBuildFile; fileRef = 094336C61FEB6AAD00EF74FF /* ViewController.m */; };
		094336CA1FEB6AAD00EF74FF /* Main.storyboard in Resources */ = {isa = PBXBuildFile; fileRef = 094336C81FEB6AAD00EF74FF /* Main.storyboard */; };
		094336CC1FEB6AAD00EF74FF /* Assets.xcassets in Resources */ = {isa = PBXBuildFile; fileRef = 094336CB1FEB6AAD00EF74FF /* Assets.xcassets */; };
		094336CF1FEB6AAD00EF74FF /* LaunchScreen.storyboard in Resources */ = {isa = PBXBuildFile; fileRef = 094336CD1FEB6AAD00EF74FF /* LaunchScreen.storyboard */; };
		094336D21FEB6AAD00EF74FF /* main.m in Sources */ = {isa = PBXBuildFile; fileRef = 094336D11FEB6AAD00EF74FF /* main.m */; };
		094336DC1FEB6AAD00EF74FF /* ______Tests.m in Sources */ = {isa = PBXBuildFile; fileRef = 094336DB1FEB6AAD00EF74FF /* ______Tests.m */; };
		094336E71FEB6AAD00EF74FF /* ______UITests.m in Sources */ = {isa = PBXBuildFile; fileRef = 094336E61FEB6AAD00EF74FF /* ______UITests.m */; };
		094337011FEBC17100EF74FF /* ZYRequest.m in Sources */ = {isa = PBXBuildFile; fileRef = 094337001FEBC17100EF74FF /* ZYRequest.m */; };
		094337041FEBC17E00EF74FF /* ZYRequestManager.m in Sources */ = {isa = PBXBuildFile; fileRef = 094337021FEBC17D00EF74FF /* ZYRequestManager.m */; };
		09B539A91FF1E90D00FF08F5 /* ZYRequestRealm.m in Sources */ = {isa = PBXBuildFile; fileRef = 09B539A81FF1E90D00FF08F5 /* ZYRequestRealm.m */; };
		09D238C21FF0E65E00F72E7A /* YQDStorageUtils.m in Sources */ = {isa = PBXBuildFile; fileRef = 09D238C11FF0E65E00F72E7A /* YQDStorageUtils.m */; };
		09D238C61FF0E83B00F72E7A /* NSString+MD5.m in Sources */ = {isa = PBXBuildFile; fileRef = 09D238C51FF0E83B00F72E7A /* NSString+MD5.m */; };
		09D238C91FF0E91E00F72E7A /* ZYRequestCache.m in Sources */ = {isa = PBXBuildFile; fileRef = 09D238C81FF0E91E00F72E7A /* ZYRequestCache.m */; };
		09F1AE1B1FEC9F5700119511 /* YQDHttpClinetCore.m in Sources */ = {isa = PBXBuildFile; fileRef = 09F1AE1A1FEC9F5700119511 /* YQDHttpClinetCore.m */; };
		84A75B9C231F6482009D8EF7 /* APIRequest.h in Headers */ = {isa = PBXBuildFile; fileRef = 84A75B9A231F6482009D8EF7 /* APIRequest.h */; };
		84A75B9D231F6482009D8EF7 /* APIRequest.m in Sources */ = {isa = PBXBuildFile; fileRef = 84A75B9B231F6482009D8EF7 /* APIRequest.m */; };
		84A75BA3231F6898009D8EF7 /* SuperAddRectTask.h in Headers */ = {isa = PBXBuildFile; fileRef = 84A75BA1231F6898009D8EF7 /* SuperAddRectTask.h */; };
		84A75BA4231F6898009D8EF7 /* SuperAddRectTask.m in Sources */ = {isa = PBXBuildFile; fileRef = 84A75BA2231F6898009D8EF7 /* SuperAddRectTask.m */; };
		84A75BAB231F68DE009D8EF7 /* SingletonUpload.h in Headers */ = {isa = PBXBuildFile; fileRef = 84A75BA7231F68DE009D8EF7 /* SingletonUpload.h */; };
		84A75BAD231F68DE009D8EF7 /* JHFileUpload.h in Headers */ = {isa = PBXBuildFile; fileRef = 84A75BA9231F68DE009D8EF7 /* JHFileUpload.h */; };
		84A75BB0231F6967009D8EF7 /* SuperRectOptPics.h in Headers */ = {isa = PBXBuildFile; fileRef = 84A75BAE231F6967009D8EF7 /* SuperRectOptPics.h */; };
		84A75BB1231F6967009D8EF7 /* SuperRectOptPics.m in Sources */ = {isa = PBXBuildFile; fileRef = 84A75BAF231F6967009D8EF7 /* SuperRectOptPics.m */; };
		84CAEAD622DC84D50002822D /* iTBoyer_util_tryNetwork.framework in Frameworks */ = {isa = PBXBuildFile; fileRef = 84CAEACD22DC84D50002822D /* iTBoyer_util_tryNetwork.framework */; };
		84CAEADD22DC84D50002822D /* iTBoyer_util_tryNetworkTests.m in Sources */ = {isa = PBXBuildFile; fileRef = 84CAEADC22DC84D50002822D /* iTBoyer_util_tryNetworkTests.m */; };
		84CAEADF22DC84D50002822D /* iTBoyer_util_tryNetwork.h in Headers */ = {isa = PBXBuildFile; fileRef = 84CAEACF22DC84D50002822D /* iTBoyer_util_tryNetwork.h */; settings = {ATTRIBUTES = (Public, ); }; };
		84CAEAE222DC84D50002822D /* iTBoyer_util_tryNetwork.framework in Frameworks */ = {isa = PBXBuildFile; fileRef = 84CAEACD22DC84D50002822D /* iTBoyer_util_tryNetwork.framework */; };
		84CAEAE322DC84D50002822D /* iTBoyer_util_tryNetwork.framework in Embed Frameworks */ = {isa = PBXBuildFile; fileRef = 84CAEACD22DC84D50002822D /* iTBoyer_util_tryNetwork.framework */; settings = {ATTRIBUTES = (CodeSignOnCopy, RemoveHeadersOnCopy, ); }; };
		84CAEB1322DC84F40002822D /* RetryDBManager.h in Headers */ = {isa = PBXBuildFile; fileRef = 84CAEAEB22DC84F30002822D /* RetryDBManager.h */; };
		84CAEB1422DC84F40002822D /* SuRequestManager.h in Headers */ = {isa = PBXBuildFile; fileRef = 84CAEAEC22DC84F30002822D /* SuRequestManager.h */; };
		84CAEB1522DC84F40002822D /* SuRequestManager.m in Sources */ = {isa = PBXBuildFile; fileRef = 84CAEAED22DC84F30002822D /* SuRequestManager.m */; };
		84CAEB1622DC84F40002822D /* SuRequest.m in Sources */ = {isa = PBXBuildFile; fileRef = 84CAEAEE22DC84F30002822D /* SuRequest.m */; };
		84CAEB1722DC84F40002822D /* SuRequest.h in Headers */ = {isa = PBXBuildFile; fileRef = 84CAEAEF22DC84F30002822D /* SuRequest.h */; };
		84CAEB1822DC84F40002822D /* RetryDBManager.m in Sources */ = {isa = PBXBuildFile; fileRef = 84CAEAF022DC84F30002822D /* RetryDBManager.m */; };
		B84BACDE70601B7564AEF6EB /* Pods_RetryNetwork.framework in Frameworks */ = {isa = PBXBuildFile; fileRef = DA87B257718407796A54DF7B /* Pods_RetryNetwork.framework */; };
		D852B983724827873802F592 /* Pods_iTBoyer_util_tryNetwork.framework in Frameworks */ = {isa = PBXBuildFile; fileRef = A91633865DCBD8BFA28D02FB /* Pods_iTBoyer_util_tryNetwork.framework */; };
/* End PBXBuildFile section */

/* Begin PBXContainerItemProxy section */
		094336D81FEB6AAD00EF74FF /* PBXContainerItemProxy */ = {
			isa = PBXContainerItemProxy;
			containerPortal = 094336B71FEB6AAC00EF74FF /* Project object */;
			proxyType = 1;
			remoteGlobalIDString = 094336BE1FEB6AAC00EF74FF;
			remoteInfo = RetryNetwork;
		};
		094336E31FEB6AAD00EF74FF /* PBXContainerItemProxy */ = {
			isa = PBXContainerItemProxy;
			containerPortal = 094336B71FEB6AAC00EF74FF /* Project object */;
			proxyType = 1;
			remoteGlobalIDString = 094336BE1FEB6AAC00EF74FF;
			remoteInfo = RetryNetwork;
		};
		84CAEAD722DC84D50002822D /* PBXContainerItemProxy */ = {
			isa = PBXContainerItemProxy;
			containerPortal = 094336B71FEB6AAC00EF74FF /* Project object */;
			proxyType = 1;
			remoteGlobalIDString = 84CAEACC22DC84D50002822D;
			remoteInfo = iTBoyer.util.tryNetwork;
		};
		84CAEAD922DC84D50002822D /* PBXContainerItemProxy */ = {
			isa = PBXContainerItemProxy;
			containerPortal = 094336B71FEB6AAC00EF74FF /* Project object */;
			proxyType = 1;
			remoteGlobalIDString = 094336BE1FEB6AAC00EF74FF;
			remoteInfo = RetryNetwork;
		};
		84CAEAE022DC84D50002822D /* PBXContainerItemProxy */ = {
			isa = PBXContainerItemProxy;
			containerPortal = 094336B71FEB6AAC00EF74FF /* Project object */;
			proxyType = 1;
			remoteGlobalIDString = 84CAEACC22DC84D50002822D;
			remoteInfo = iTBoyer.util.tryNetwork;
		};
/* End PBXContainerItemProxy section */

/* Begin PBXCopyFilesBuildPhase section */
		84CAEAE422DC84D50002822D /* Embed Frameworks */ = {
			isa = PBXCopyFilesBuildPhase;
			buildActionMask = 2147483647;
			dstPath = "";
			dstSubfolderSpec = 10;
			files = (
				84CAEAE322DC84D50002822D /* iTBoyer_util_tryNetwork.framework in Embed Frameworks */,
			);
			name = "Embed Frameworks";
			runOnlyForDeploymentPostprocessing = 0;
		};
/* End PBXCopyFilesBuildPhase section */

/* Begin PBXFileReference section */
		016F43D8D39852D0326F7B5E /* Pods-iTBoyer.util.tryNetwork.release.xcconfig */ = {isa = PBXFileReference; includeInIndex = 1; lastKnownFileType = text.xcconfig; name = "Pods-iTBoyer.util.tryNetwork.release.xcconfig"; path = "../Pods/Target Support Files/Pods-iTBoyer.util.tryNetwork/Pods-iTBoyer.util.tryNetwork.release.xcconfig"; sourceTree = "<group>"; };
		094336BF1FEB6AAC00EF74FF /* RetryNetwork.app */ = {isa = PBXFileReference; explicitFileType = wrapper.application; includeInIndex = 0; path = RetryNetwork.app; sourceTree = BUILT_PRODUCTS_DIR; };
		094336C21FEB6AAC00EF74FF /* AppDelegate.h */ = {isa = PBXFileReference; lastKnownFileType = sourcecode.c.h; path = AppDelegate.h; sourceTree = "<group>"; };
		094336C31FEB6AAC00EF74FF /* AppDelegate.m */ = {isa = PBXFileReference; lastKnownFileType = sourcecode.c.objc; path = AppDelegate.m; sourceTree = "<group>"; };
		094336C51FEB6AAC00EF74FF /* ViewController.h */ = {isa = PBXFileReference; lastKnownFileType = sourcecode.c.h; path = ViewController.h; sourceTree = "<group>"; };
		094336C61FEB6AAD00EF74FF /* ViewController.m */ = {isa = PBXFileReference; lastKnownFileType = sourcecode.c.objc; path = ViewController.m; sourceTree = "<group>"; };
		094336C91FEB6AAD00EF74FF /* Base */ = {isa = PBXFileReference; lastKnownFileType = file.storyboard; name = Base; path = Base.lproj/Main.storyboard; sourceTree = "<group>"; };
		094336CB1FEB6AAD00EF74FF /* Assets.xcassets */ = {isa = PBXFileReference; lastKnownFileType = folder.assetcatalog; path = Assets.xcassets; sourceTree = "<group>"; };
		094336CE1FEB6AAD00EF74FF /* Base */ = {isa = PBXFileReference; lastKnownFileType = file.storyboard; name = Base; path = Base.lproj/LaunchScreen.storyboard; sourceTree = "<group>"; };
		094336D01FEB6AAD00EF74FF /* Info.plist */ = {isa = PBXFileReference; lastKnownFileType = text.plist.xml; path = Info.plist; sourceTree = "<group>"; };
		094336D11FEB6AAD00EF74FF /* main.m */ = {isa = PBXFileReference; lastKnownFileType = sourcecode.c.objc; path = main.m; sourceTree = "<group>"; };
		094336D71FEB6AAD00EF74FF /* RetryNetworkTests.xctest */ = {isa = PBXFileReference; explicitFileType = wrapper.cfbundle; includeInIndex = 0; path = RetryNetworkTests.xctest; sourceTree = BUILT_PRODUCTS_DIR; };
		094336DB1FEB6AAD00EF74FF /* ______Tests.m */ = {isa = PBXFileReference; lastKnownFileType = sourcecode.c.objc; path = ______Tests.m; sourceTree = "<group>"; };
		094336DD1FEB6AAD00EF74FF /* Info.plist */ = {isa = PBXFileReference; lastKnownFileType = text.plist.xml; path = Info.plist; sourceTree = "<group>"; };
		094336E21FEB6AAD00EF74FF /* RetryNetworkUITests.xctest */ = {isa = PBXFileReference; explicitFileType = wrapper.cfbundle; includeInIndex = 0; path = RetryNetworkUITests.xctest; sourceTree = BUILT_PRODUCTS_DIR; };
		094336E61FEB6AAD00EF74FF /* ______UITests.m */ = {isa = PBXFileReference; lastKnownFileType = sourcecode.c.objc; path = ______UITests.m; sourceTree = "<group>"; };
		094336E81FEB6AAD00EF74FF /* Info.plist */ = {isa = PBXFileReference; lastKnownFileType = text.plist.xml; path = Info.plist; sourceTree = "<group>"; };
		094336FF1FEBC17100EF74FF /* ZYRequest.h */ = {isa = PBXFileReference; fileEncoding = 4; lastKnownFileType = sourcecode.c.h; path = ZYRequest.h; sourceTree = "<group>"; };
		094337001FEBC17100EF74FF /* ZYRequest.m */ = {isa = PBXFileReference; fileEncoding = 4; lastKnownFileType = sourcecode.c.objc; path = ZYRequest.m; sourceTree = "<group>"; };
		094337021FEBC17D00EF74FF /* ZYRequestManager.m */ = {isa = PBXFileReference; fileEncoding = 4; lastKnownFileType = sourcecode.c.objc; path = ZYRequestManager.m; sourceTree = "<group>"; };
		094337031FEBC17D00EF74FF /* ZYRequestManager.h */ = {isa = PBXFileReference; fileEncoding = 4; lastKnownFileType = sourcecode.c.h; path = ZYRequestManager.h; sourceTree = "<group>"; };
		09B539A71FF1E90D00FF08F5 /* ZYRequestRealm.h */ = {isa = PBXFileReference; lastKnownFileType = sourcecode.c.h; path = ZYRequestRealm.h; sourceTree = "<group>"; };
		09B539A81FF1E90D00FF08F5 /* ZYRequestRealm.m */ = {isa = PBXFileReference; lastKnownFileType = sourcecode.c.objc; path = ZYRequestRealm.m; sourceTree = "<group>"; };
		09D238C01FF0E65E00F72E7A /* YQDStorageUtils.h */ = {isa = PBXFileReference; fileEncoding = 4; lastKnownFileType = sourcecode.c.h; path = YQDStorageUtils.h; sourceTree = "<group>"; };
		09D238C11FF0E65E00F72E7A /* YQDStorageUtils.m */ = {isa = PBXFileReference; fileEncoding = 4; lastKnownFileType = sourcecode.c.objc; path = YQDStorageUtils.m; sourceTree = "<group>"; };
		09D238C41FF0E83B00F72E7A /* NSString+MD5.h */ = {isa = PBXFileReference; fileEncoding = 4; lastKnownFileType = sourcecode.c.h; path = "NSString+MD5.h"; sourceTree = "<group>"; };
		09D238C51FF0E83B00F72E7A /* NSString+MD5.m */ = {isa = PBXFileReference; fileEncoding = 4; lastKnownFileType = sourcecode.c.objc; path = "NSString+MD5.m"; sourceTree = "<group>"; };
		09D238C71FF0E91E00F72E7A /* ZYRequestCache.h */ = {isa = PBXFileReference; lastKnownFileType = sourcecode.c.h; path = ZYRequestCache.h; sourceTree = "<group>"; };
		09D238C81FF0E91E00F72E7A /* ZYRequestCache.m */ = {isa = PBXFileReference; lastKnownFileType = sourcecode.c.objc; path = ZYRequestCache.m; sourceTree = "<group>"; };
		09F1AE191FEC9F5700119511 /* YQDHttpClinetCore.h */ = {isa = PBXFileReference; fileEncoding = 4; lastKnownFileType = sourcecode.c.h; path = YQDHttpClinetCore.h; sourceTree = "<group>"; };
		09F1AE1A1FEC9F5700119511 /* YQDHttpClinetCore.m */ = {isa = PBXFileReference; fileEncoding = 4; lastKnownFileType = sourcecode.c.objc; path = YQDHttpClinetCore.m; sourceTree = "<group>"; };
		09F1AE1D1FECB9B500119511 /* ZYRequestMacro.h */ = {isa = PBXFileReference; lastKnownFileType = sourcecode.c.h; path = ZYRequestMacro.h; sourceTree = "<group>"; };
		39D57784AE419F640C62ADB2 /* Pods-RetryNetwork.release.xcconfig */ = {isa = PBXFileReference; includeInIndex = 1; lastKnownFileType = text.xcconfig; name = "Pods-RetryNetwork.release.xcconfig"; path = "../Pods/Target Support Files/Pods-RetryNetwork/Pods-RetryNetwork.release.xcconfig"; sourceTree = "<group>"; };
		44753B145BBF8DD41B168307 /* Pods-iTBoyer.util.tryNetwork.debug.xcconfig */ = {isa = PBXFileReference; includeInIndex = 1; lastKnownFileType = text.xcconfig; name = "Pods-iTBoyer.util.tryNetwork.debug.xcconfig"; path = "../Pods/Target Support Files/Pods-iTBoyer.util.tryNetwork/Pods-iTBoyer.util.tryNetwork.debug.xcconfig"; sourceTree = "<group>"; };
		804E154617E811741B154B47 /* Pods-RetryNetwork.debug.xcconfig */ = {isa = PBXFileReference; includeInIndex = 1; lastKnownFileType = text.xcconfig; name = "Pods-RetryNetwork.debug.xcconfig"; path = "../Pods/Target Support Files/Pods-RetryNetwork/Pods-RetryNetwork.debug.xcconfig"; sourceTree = "<group>"; };
		84A75B9A231F6482009D8EF7 /* APIRequest.h */ = {isa = PBXFileReference; fileEncoding = 4; lastKnownFileType = sourcecode.c.h; path = APIRequest.h; sourceTree = "<group>"; };
		84A75B9B231F6482009D8EF7 /* APIRequest.m */ = {isa = PBXFileReference; fileEncoding = 4; lastKnownFileType = sourcecode.c.objc; path = APIRequest.m; sourceTree = "<group>"; };
		84A75BA1231F6898009D8EF7 /* SuperAddRectTask.h */ = {isa = PBXFileReference; lastKnownFileType = sourcecode.c.h; path = SuperAddRectTask.h; sourceTree = "<group>"; };
		84A75BA2231F6898009D8EF7 /* SuperAddRectTask.m */ = {isa = PBXFileReference; lastKnownFileType = sourcecode.c.objc; path = SuperAddRectTask.m; sourceTree = "<group>"; };
		84A75BA6231F68DE009D8EF7 /* JHFileUpload.m */ = {isa = PBXFileReference; fileEncoding = 4; lastKnownFileType = sourcecode.c.objc; path = JHFileUpload.m; sourceTree = "<group>"; };
		84A75BA7231F68DE009D8EF7 /* SingletonUpload.h */ = {isa = PBXFileReference; fileEncoding = 4; lastKnownFileType = sourcecode.c.h; path = SingletonUpload.h; sourceTree = "<group>"; };
		84A75BA8231F68DE009D8EF7 /* SingletonUpload.m */ = {isa = PBXFileReference; fileEncoding = 4; lastKnownFileType = sourcecode.c.objc; path = SingletonUpload.m; sourceTree = "<group>"; };
		84A75BA9231F68DE009D8EF7 /* JHFileUpload.h */ = {isa = PBXFileReference; fileEncoding = 4; lastKnownFileType = sourcecode.c.h; path = JHFileUpload.h; sourceTree = "<group>"; };
		84A75BAE231F6967009D8EF7 /* SuperRectOptPics.h */ = {isa = PBXFileReference; lastKnownFileType = sourcecode.c.h; path = SuperRectOptPics.h; sourceTree = "<group>"; };
		84A75BAF231F6967009D8EF7 /* SuperRectOptPics.m */ = {isa = PBXFileReference; lastKnownFileType = sourcecode.c.objc; path = SuperRectOptPics.m; sourceTree = "<group>"; };
		84CAEACD22DC84D50002822D /* iTBoyer_util_tryNetwork.framework */ = {isa = PBXFileReference; explicitFileType = wrapper.framework; includeInIndex = 0; path = iTBoyer_util_tryNetwork.framework; sourceTree = BUILT_PRODUCTS_DIR; };
		84CAEACF22DC84D50002822D /* iTBoyer_util_tryNetwork.h */ = {isa = PBXFileReference; lastKnownFileType = sourcecode.c.h; path = iTBoyer_util_tryNetwork.h; sourceTree = "<group>"; };
		84CAEAD022DC84D50002822D /* Info.plist */ = {isa = PBXFileReference; lastKnownFileType = text.plist.xml; path = Info.plist; sourceTree = "<group>"; };
		84CAEAD522DC84D50002822D /* iTBoyer.util.tryNetworkTests.xctest */ = {isa = PBXFileReference; explicitFileType = wrapper.cfbundle; includeInIndex = 0; path = iTBoyer.util.tryNetworkTests.xctest; sourceTree = BUILT_PRODUCTS_DIR; };
		84CAEADC22DC84D50002822D /* iTBoyer_util_tryNetworkTests.m */ = {isa = PBXFileReference; lastKnownFileType = sourcecode.c.objc; path = iTBoyer_util_tryNetworkTests.m; sourceTree = "<group>"; };
		84CAEADE22DC84D50002822D /* Info.plist */ = {isa = PBXFileReference; lastKnownFileType = text.plist.xml; path = Info.plist; sourceTree = "<group>"; };
		84CAEAEB22DC84F30002822D /* RetryDBManager.h */ = {isa = PBXFileReference; fileEncoding = 4; lastKnownFileType = sourcecode.c.h; path = RetryDBManager.h; sourceTree = "<group>"; };
		84CAEAEC22DC84F30002822D /* SuRequestManager.h */ = {isa = PBXFileReference; fileEncoding = 4; lastKnownFileType = sourcecode.c.h; path = SuRequestManager.h; sourceTree = "<group>"; };
		84CAEAED22DC84F30002822D /* SuRequestManager.m */ = {isa = PBXFileReference; fileEncoding = 4; lastKnownFileType = sourcecode.c.objc; path = SuRequestManager.m; sourceTree = "<group>"; };
		84CAEAEE22DC84F30002822D /* SuRequest.m */ = {isa = PBXFileReference; fileEncoding = 4; lastKnownFileType = sourcecode.c.objc; path = SuRequest.m; sourceTree = "<group>"; };
		84CAEAEF22DC84F30002822D /* SuRequest.h */ = {isa = PBXFileReference; fileEncoding = 4; lastKnownFileType = sourcecode.c.h; path = SuRequest.h; sourceTree = "<group>"; };
		84CAEAF022DC84F30002822D /* RetryDBManager.m */ = {isa = PBXFileReference; fileEncoding = 4; lastKnownFileType = sourcecode.c.objc; path = RetryDBManager.m; sourceTree = "<group>"; };
		84CAEB3422DC862C0002822D /* README.md */ = {isa = PBXFileReference; lastKnownFileType = net.daringfireball.markdown; path = README.md; sourceTree = "<group>"; };
		84CAEB3522DC86B40002822D /* 弱网拍照优化方案.png */ = {isa = PBXFileReference; lastKnownFileType = image.png; path = "弱网拍照优化方案.png"; sourceTree = "<group>"; };
		A91633865DCBD8BFA28D02FB /* Pods_iTBoyer_util_tryNetwork.framework */ = {isa = PBXFileReference; explicitFileType = wrapper.framework; includeInIndex = 0; path = Pods_iTBoyer_util_tryNetwork.framework; sourceTree = BUILT_PRODUCTS_DIR; };
		DA87B257718407796A54DF7B /* Pods_RetryNetwork.framework */ = {isa = PBXFileReference; explicitFileType = wrapper.framework; includeInIndex = 0; path = Pods_RetryNetwork.framework; sourceTree = BUILT_PRODUCTS_DIR; };
/* End PBXFileReference section */

/* Begin PBXFrameworksBuildPhase section */
		094336BC1FEB6AAC00EF74FF /* Frameworks */ = {
			isa = PBXFrameworksBuildPhase;
			buildActionMask = 2147483647;
			files = (
				84CAEAE222DC84D50002822D /* iTBoyer_util_tryNetwork.framework in Frameworks */,
				B84BACDE70601B7564AEF6EB /* Pods_RetryNetwork.framework in Frameworks */,
			);
			runOnlyForDeploymentPostprocessing = 0;
		};
		094336D41FEB6AAD00EF74FF /* Frameworks */ = {
			isa = PBXFrameworksBuildPhase;
			buildActionMask = 2147483647;
			files = (
			);
			runOnlyForDeploymentPostprocessing = 0;
		};
		094336DF1FEB6AAD00EF74FF /* Frameworks */ = {
			isa = PBXFrameworksBuildPhase;
			buildActionMask = 2147483647;
			files = (
			);
			runOnlyForDeploymentPostprocessing = 0;
		};
		84CAEACA22DC84D50002822D /* Frameworks */ = {
			isa = PBXFrameworksBuildPhase;
			buildActionMask = 2147483647;
			files = (
				D852B983724827873802F592 /* Pods_iTBoyer_util_tryNetwork.framework in Frameworks */,
			);
			runOnlyForDeploymentPostprocessing = 0;
		};
		84CAEAD222DC84D50002822D /* Frameworks */ = {
			isa = PBXFrameworksBuildPhase;
			buildActionMask = 2147483647;
			files = (
				84CAEAD622DC84D50002822D /* iTBoyer_util_tryNetwork.framework in Frameworks */,
			);
			runOnlyForDeploymentPostprocessing = 0;
		};
/* End PBXFrameworksBuildPhase section */

/* Begin PBXGroup section */
		094336B61FEB6AAC00EF74FF = {
			isa = PBXGroup;
			children = (
				84CAEB3422DC862C0002822D /* README.md */,
				84CAEB3522DC86B40002822D /* 弱网拍照优化方案.png */,
				094336C11FEB6AAC00EF74FF /* RetryNetwork */,
				094336DA1FEB6AAD00EF74FF /* RetryNetworkTests */,
				094336E51FEB6AAD00EF74FF /* RetryNetworkUITests */,
				84CAEACE22DC84D50002822D /* iTBoyer.util.tryNetwork */,
				84CAEADB22DC84D50002822D /* iTBoyer.util.tryNetworkTests */,
				094336C01FEB6AAC00EF74FF /* Products */,
				3D12E0247544ED7E07ABA4D4 /* Pods */,
				53E99B7D197E97FECC1CDA0C /* Frameworks */,
			);
			sourceTree = "<group>";
		};
		094336C01FEB6AAC00EF74FF /* Products */ = {
			isa = PBXGroup;
			children = (
				094336BF1FEB6AAC00EF74FF /* RetryNetwork.app */,
				094336D71FEB6AAD00EF74FF /* RetryNetworkTests.xctest */,
				094336E21FEB6AAD00EF74FF /* RetryNetworkUITests.xctest */,
				84CAEACD22DC84D50002822D /* iTBoyer_util_tryNetwork.framework */,
				84CAEAD522DC84D50002822D /* iTBoyer.util.tryNetworkTests.xctest */,
			);
			name = Products;
			sourceTree = "<group>";
		};
		094336C11FEB6AAC00EF74FF /* RetryNetwork */ = {
			isa = PBXGroup;
			children = (
				094336F51FEB90CB00EF74FF /* NetworkManager */,
				094336C21FEB6AAC00EF74FF /* AppDelegate.h */,
				094336C31FEB6AAC00EF74FF /* AppDelegate.m */,
				094336C51FEB6AAC00EF74FF /* ViewController.h */,
				094336C61FEB6AAD00EF74FF /* ViewController.m */,
				094336C81FEB6AAD00EF74FF /* Main.storyboard */,
				094336CB1FEB6AAD00EF74FF /* Assets.xcassets */,
				094336CD1FEB6AAD00EF74FF /* LaunchScreen.storyboard */,
				094336D01FEB6AAD00EF74FF /* Info.plist */,
				094336D11FEB6AAD00EF74FF /* main.m */,
			);
			path = RetryNetwork;
			sourceTree = "<group>";
		};
		094336DA1FEB6AAD00EF74FF /* RetryNetworkTests */ = {
			isa = PBXGroup;
			children = (
				094336DB1FEB6AAD00EF74FF /* ______Tests.m */,
				094336DD1FEB6AAD00EF74FF /* Info.plist */,
			);
			path = RetryNetworkTests;
			sourceTree = "<group>";
		};
		094336E51FEB6AAD00EF74FF /* RetryNetworkUITests */ = {
			isa = PBXGroup;
			children = (
				094336E61FEB6AAD00EF74FF /* ______UITests.m */,
				094336E81FEB6AAD00EF74FF /* Info.plist */,
			);
			path = RetryNetworkUITests;
			sourceTree = "<group>";
		};
		094336F51FEB90CB00EF74FF /* NetworkManager */ = {
			isa = PBXGroup;
			children = (
				09D238BF1FF0E65E00F72E7A /* Storage */,
				09F1AE1D1FECB9B500119511 /* ZYRequestMacro.h */,
				09F1AE191FEC9F5700119511 /* YQDHttpClinetCore.h */,
				09F1AE1A1FEC9F5700119511 /* YQDHttpClinetCore.m */,
				094336FF1FEBC17100EF74FF /* ZYRequest.h */,
				094337001FEBC17100EF74FF /* ZYRequest.m */,
				094337031FEBC17D00EF74FF /* ZYRequestManager.h */,
				094337021FEBC17D00EF74FF /* ZYRequestManager.m */,
				09D238C71FF0E91E00F72E7A /* ZYRequestCache.h */,
				09D238C81FF0E91E00F72E7A /* ZYRequestCache.m */,
				09B539A71FF1E90D00FF08F5 /* ZYRequestRealm.h */,
				09B539A81FF1E90D00FF08F5 /* ZYRequestRealm.m */,
			);
			path = NetworkManager;
			sourceTree = "<group>";
		};
		09D238BF1FF0E65E00F72E7A /* Storage */ = {
			isa = PBXGroup;
			children = (
				09D238C41FF0E83B00F72E7A /* NSString+MD5.h */,
				09D238C51FF0E83B00F72E7A /* NSString+MD5.m */,
				09D238C01FF0E65E00F72E7A /* YQDStorageUtils.h */,
				09D238C11FF0E65E00F72E7A /* YQDStorageUtils.m */,
			);
			path = Storage;
			sourceTree = "<group>";
		};
		3D12E0247544ED7E07ABA4D4 /* Pods */ = {
			isa = PBXGroup;
			children = (
				804E154617E811741B154B47 /* Pods-RetryNetwork.debug.xcconfig */,
				39D57784AE419F640C62ADB2 /* Pods-RetryNetwork.release.xcconfig */,
				44753B145BBF8DD41B168307 /* Pods-iTBoyer.util.tryNetwork.debug.xcconfig */,
				016F43D8D39852D0326F7B5E /* Pods-iTBoyer.util.tryNetwork.release.xcconfig */,
			);
			name = Pods;
			sourceTree = "<group>";
		};
		53E99B7D197E97FECC1CDA0C /* Frameworks */ = {
			isa = PBXGroup;
			children = (
				DA87B257718407796A54DF7B /* Pods_RetryNetwork.framework */,
				A91633865DCBD8BFA28D02FB /* Pods_iTBoyer_util_tryNetwork.framework */,
			);
			name = Frameworks;
			sourceTree = "<group>";
		};
		84A75B9E231F685B009D8EF7 /* Model */ = {
			isa = PBXGroup;
			children = (
				84A75BA1231F6898009D8EF7 /* SuperAddRectTask.h */,
				84A75BA2231F6898009D8EF7 /* SuperAddRectTask.m */,
				84A75BAE231F6967009D8EF7 /* SuperRectOptPics.h */,
				84A75BAF231F6967009D8EF7 /* SuperRectOptPics.m */,
			);
			path = Model;
			sourceTree = "<group>";
		};
		84A75BA5231F68DE009D8EF7 /* Upload */ = {
			isa = PBXGroup;
			children = (
				84A75BA6231F68DE009D8EF7 /* JHFileUpload.m */,
				84A75BA7231F68DE009D8EF7 /* SingletonUpload.h */,
				84A75BA8231F68DE009D8EF7 /* SingletonUpload.m */,
				84A75BA9231F68DE009D8EF7 /* JHFileUpload.h */,
			);
			path = Upload;
			sourceTree = "<group>";
		};
		84CAEACE22DC84D50002822D /* iTBoyer.util.tryNetwork */ = {
			isa = PBXGroup;
			children = (
				84A75BA5231F68DE009D8EF7 /* Upload */,
				84A75B9E231F685B009D8EF7 /* Model */,
				84CAEAEF22DC84F30002822D /* SuRequest.h */,
				84CAEAEE22DC84F30002822D /* SuRequest.m */,
				84CAEAEB22DC84F30002822D /* RetryDBManager.h */,
				84CAEAF022DC84F30002822D /* RetryDBManager.m */,
				84CAEAEC22DC84F30002822D /* SuRequestManager.h */,
				84CAEAED22DC84F30002822D /* SuRequestManager.m */,
				84CAEACF22DC84D50002822D /* iTBoyer_util_tryNetwork.h */,
				84A75B9A231F6482009D8EF7 /* APIRequest.h */,
				84A75B9B231F6482009D8EF7 /* APIRequest.m */,
				84CAEAD022DC84D50002822D /* Info.plist */,
			);
			path = iTBoyer.util.tryNetwork;
			sourceTree = "<group>";
		};
		84CAEADB22DC84D50002822D /* iTBoyer.util.tryNetworkTests */ = {
			isa = PBXGroup;
			children = (
				84CAEADC22DC84D50002822D /* iTBoyer_util_tryNetworkTests.m */,
				84CAEADE22DC84D50002822D /* Info.plist */,
			);
			path = iTBoyer.util.tryNetworkTests;
			sourceTree = "<group>";
		};
/* End PBXGroup section */

/* Begin PBXHeadersBuildPhase section */
		84CAEAC822DC84D50002822D /* Headers */ = {
			isa = PBXHeadersBuildPhase;
			buildActionMask = 2147483647;
			files = (
				84A75BAD231F68DE009D8EF7 /* JHFileUpload.h in Headers */,
				84A75BAB231F68DE009D8EF7 /* SingletonUpload.h in Headers */,
				84CAEADF22DC84D50002822D /* iTBoyer_util_tryNetwork.h in Headers */,
				84CAEB1422DC84F40002822D /* SuRequestManager.h in Headers */,
				84A75BB0231F6967009D8EF7 /* SuperRectOptPics.h in Headers */,
				84A75BA3231F6898009D8EF7 /* SuperAddRectTask.h in Headers */,
				84A75B9C231F6482009D8EF7 /* APIRequest.h in Headers */,
				84CAEB1722DC84F40002822D /* SuRequest.h in Headers */,
				84CAEB1322DC84F40002822D /* RetryDBManager.h in Headers */,
			);
			runOnlyForDeploymentPostprocessing = 0;
		};
/* End PBXHeadersBuildPhase section */

/* Begin PBXNativeTarget section */
		094336BE1FEB6AAC00EF74FF /* RetryNetwork */ = {
			isa = PBXNativeTarget;
			buildConfigurationList = 094336EB1FEB6AAD00EF74FF /* Build configuration list for PBXNativeTarget "RetryNetwork" */;
			buildPhases = (
				0465C93B02B42B9F1D72E671 /* [CP] Check Pods Manifest.lock */,
				094336BB1FEB6AAC00EF74FF /* Sources */,
				094336BC1FEB6AAC00EF74FF /* Frameworks */,
				094336BD1FEB6AAC00EF74FF /* Resources */,
				8D2A9E4FB282AD9AEE902140 /* [CP] Embed Pods Frameworks */,
				84CAEAE422DC84D50002822D /* Embed Frameworks */,
			);
			buildRules = (
			);
			dependencies = (
				84CAEAE122DC84D50002822D /* PBXTargetDependency */,
			);
			name = RetryNetwork;
			productName = RetryNetwork;
			productReference = 094336BF1FEB6AAC00EF74FF /* RetryNetwork.app */;
			productType = "com.apple.product-type.application";
		};
		094336D61FEB6AAD00EF74FF /* RetryNetworkTests */ = {
			isa = PBXNativeTarget;
			buildConfigurationList = 094336EE1FEB6AAD00EF74FF /* Build configuration list for PBXNativeTarget "RetryNetworkTests" */;
			buildPhases = (
				094336D31FEB6AAD00EF74FF /* Sources */,
				094336D41FEB6AAD00EF74FF /* Frameworks */,
				094336D51FEB6AAD00EF74FF /* Resources */,
			);
			buildRules = (
			);
			dependencies = (
				094336D91FEB6AAD00EF74FF /* PBXTargetDependency */,
			);
			name = RetryNetworkTests;
			productName = RetryNetworkTests;
			productReference = 094336D71FEB6AAD00EF74FF /* RetryNetworkTests.xctest */;
			productType = "com.apple.product-type.bundle.unit-test";
		};
		094336E11FEB6AAD00EF74FF /* RetryNetworkUITests */ = {
			isa = PBXNativeTarget;
			buildConfigurationList = 094336F11FEB6AAD00EF74FF /* Build configuration list for PBXNativeTarget "RetryNetworkUITests" */;
			buildPhases = (
				094336DE1FEB6AAD00EF74FF /* Sources */,
				094336DF1FEB6AAD00EF74FF /* Frameworks */,
				094336E01FEB6AAD00EF74FF /* Resources */,
			);
			buildRules = (
			);
			dependencies = (
				094336E41FEB6AAD00EF74FF /* PBXTargetDependency */,
			);
			name = RetryNetworkUITests;
			productName = RetryNetworkUITests;
			productReference = 094336E21FEB6AAD00EF74FF /* RetryNetworkUITests.xctest */;
			productType = "com.apple.product-type.bundle.ui-testing";
		};
		84CAEACC22DC84D50002822D /* iTBoyer.util.tryNetwork */ = {
			isa = PBXNativeTarget;
			buildConfigurationList = 84CAEAE922DC84D50002822D /* Build configuration list for PBXNativeTarget "iTBoyer.util.tryNetwork" */;
			buildPhases = (
				BCC2867B5B89E3CE2C2C3B9E /* [CP] Check Pods Manifest.lock */,
				84CAEAC822DC84D50002822D /* Headers */,
				84CAEAC922DC84D50002822D /* Sources */,
				84CAEACA22DC84D50002822D /* Frameworks */,
				84CAEACB22DC84D50002822D /* Resources */,
			);
			buildRules = (
			);
			dependencies = (
			);
			name = iTBoyer.util.tryNetwork;
			productName = iTBoyer.util.tryNetwork;
			productReference = 84CAEACD22DC84D50002822D /* iTBoyer_util_tryNetwork.framework */;
			productType = "com.apple.product-type.framework";
		};
		84CAEAD422DC84D50002822D /* iTBoyer.util.tryNetworkTests */ = {
			isa = PBXNativeTarget;
			buildConfigurationList = 84CAEAEA22DC84D50002822D /* Build configuration list for PBXNativeTarget "iTBoyer.util.tryNetworkTests" */;
			buildPhases = (
				84CAEAD122DC84D50002822D /* Sources */,
				84CAEAD222DC84D50002822D /* Frameworks */,
				84CAEAD322DC84D50002822D /* Resources */,
			);
			buildRules = (
			);
			dependencies = (
				84CAEAD822DC84D50002822D /* PBXTargetDependency */,
				84CAEADA22DC84D50002822D /* PBXTargetDependency */,
			);
			name = iTBoyer.util.tryNetworkTests;
			productName = iTBoyer.util.tryNetworkTests;
			productReference = 84CAEAD522DC84D50002822D /* iTBoyer.util.tryNetworkTests.xctest */;
			productType = "com.apple.product-type.bundle.unit-test";
		};
/* End PBXNativeTarget section */

/* Begin PBXProject section */
		094336B71FEB6AAC00EF74FF /* Project object */ = {
			isa = PBXProject;
			attributes = {
				LastUpgradeCheck = 0920;
				ORGANIZATIONNAME = "王志盼";
				TargetAttributes = {
					094336BE1FEB6AAC00EF74FF = {
						CreatedOnToolsVersion = 9.2;
						ProvisioningStyle = Automatic;
					};
					094336D61FEB6AAD00EF74FF = {
						CreatedOnToolsVersion = 9.2;
						ProvisioningStyle = Automatic;
						TestTargetID = 094336BE1FEB6AAC00EF74FF;
					};
					094336E11FEB6AAD00EF74FF = {
						CreatedOnToolsVersion = 9.2;
						ProvisioningStyle = Automatic;
						TestTargetID = 094336BE1FEB6AAC00EF74FF;
					};
					84CAEACC22DC84D50002822D = {
						CreatedOnToolsVersion = 11.0;
						LastSwiftMigration = 1100;
						ProvisioningStyle = Automatic;
					};
					84CAEAD422DC84D50002822D = {
						CreatedOnToolsVersion = 11.0;
						ProvisioningStyle = Automatic;
						TestTargetID = 094336BE1FEB6AAC00EF74FF;
					};
				};
			};
			buildConfigurationList = 094336BA1FEB6AAC00EF74FF /* Build configuration list for PBXProject "RetryNetwork" */;
			compatibilityVersion = "Xcode 8.0";
			developmentRegion = en;
			hasScannedForEncodings = 0;
			knownRegions = (
				en,
				Base,
			);
			mainGroup = 094336B61FEB6AAC00EF74FF;
			productRefGroup = 094336C01FEB6AAC00EF74FF /* Products */;
			projectDirPath = "";
			projectRoot = "";
			targets = (
				094336BE1FEB6AAC00EF74FF /* RetryNetwork */,
				094336D61FEB6AAD00EF74FF /* RetryNetworkTests */,
				094336E11FEB6AAD00EF74FF /* RetryNetworkUITests */,
				84CAEACC22DC84D50002822D /* iTBoyer.util.tryNetwork */,
				84CAEAD422DC84D50002822D /* iTBoyer.util.tryNetworkTests */,
			);
		};
/* End PBXProject section */

/* Begin PBXResourcesBuildPhase section */
		094336BD1FEB6AAC00EF74FF /* Resources */ = {
			isa = PBXResourcesBuildPhase;
			buildActionMask = 2147483647;
			files = (
				094336CF1FEB6AAD00EF74FF /* LaunchScreen.storyboard in Resources */,
				094336CC1FEB6AAD00EF74FF /* Assets.xcassets in Resources */,
				094336CA1FEB6AAD00EF74FF /* Main.storyboard in Resources */,
			);
			runOnlyForDeploymentPostprocessing = 0;
		};
		094336D51FEB6AAD00EF74FF /* Resources */ = {
			isa = PBXResourcesBuildPhase;
			buildActionMask = 2147483647;
			files = (
			);
			runOnlyForDeploymentPostprocessing = 0;
		};
		094336E01FEB6AAD00EF74FF /* Resources */ = {
			isa = PBXResourcesBuildPhase;
			buildActionMask = 2147483647;
			files = (
			);
			runOnlyForDeploymentPostprocessing = 0;
		};
		84CAEACB22DC84D50002822D /* Resources */ = {
			isa = PBXResourcesBuildPhase;
			buildActionMask = 2147483647;
			files = (
			);
			runOnlyForDeploymentPostprocessing = 0;
		};
		84CAEAD322DC84D50002822D /* Resources */ = {
			isa = PBXResourcesBuildPhase;
			buildActionMask = 2147483647;
			files = (
			);
			runOnlyForDeploymentPostprocessing = 0;
		};
/* End PBXResourcesBuildPhase section */

/* Begin PBXShellScriptBuildPhase section */
		0465C93B02B42B9F1D72E671 /* [CP] Check Pods Manifest.lock */ = {
			isa = PBXShellScriptBuildPhase;
			buildActionMask = 2147483647;
			files = (
			);
			inputPaths = (
				"${PODS_PODFILE_DIR_PATH}/Podfile.lock",
				"${PODS_ROOT}/Manifest.lock",
			);
			name = "[CP] Check Pods Manifest.lock";
			outputPaths = (
				"$(DERIVED_FILE_DIR)/Pods-RetryNetwork-checkManifestLockResult.txt",
			);
			runOnlyForDeploymentPostprocessing = 0;
			shellPath = /bin/sh;
			shellScript = "diff \"${PODS_PODFILE_DIR_PATH}/Podfile.lock\" \"${PODS_ROOT}/Manifest.lock\" > /dev/null\nif [ $? != 0 ] ; then\n    # print error to STDERR\n    echo \"error: The sandbox is not in sync with the Podfile.lock. Run 'pod install' or update your CocoaPods installation.\" >&2\n    exit 1\nfi\n# This output is used by Xcode 'outputs' to avoid re-running this script phase.\necho \"SUCCESS\" > \"${SCRIPT_OUTPUT_FILE_0}\"\n";
			showEnvVarsInLog = 0;
		};
		8D2A9E4FB282AD9AEE902140 /* [CP] Embed Pods Frameworks */ = {
			isa = PBXShellScriptBuildPhase;
			buildActionMask = 2147483647;
			files = (
			);
			inputPaths = (
				"${PODS_ROOT}/Target Support Files/Pods-RetryNetwork/Pods-RetryNetwork-frameworks.sh",
				"${BUILT_PRODUCTS_DIR}/AFNetworking/AFNetworking.framework",
				"${BUILT_PRODUCTS_DIR}/FMDB-iOS13.0/FMDB.framework",
				"${BUILT_PRODUCTS_DIR}/JSONModel/JSONModel.framework",
				"${BUILT_PRODUCTS_DIR}/OHHTTPStubs/OHHTTPStubs.framework",
				"${BUILT_PRODUCTS_DIR}/ORM2FMDB-iOS13.0/ORM2FMDB.framework",
				"${BUILT_PRODUCTS_DIR}/RealReachability/RealReachability.framework",
				"${BUILT_PRODUCTS_DIR}/Realm/Realm.framework",
			);
			name = "[CP] Embed Pods Frameworks";
			outputPaths = (
				"${TARGET_BUILD_DIR}/${FRAMEWORKS_FOLDER_PATH}/AFNetworking.framework",
				"${TARGET_BUILD_DIR}/${FRAMEWORKS_FOLDER_PATH}/FMDB.framework",
				"${TARGET_BUILD_DIR}/${FRAMEWORKS_FOLDER_PATH}/JSONModel.framework",
				"${TARGET_BUILD_DIR}/${FRAMEWORKS_FOLDER_PATH}/OHHTTPStubs.framework",
				"${TARGET_BUILD_DIR}/${FRAMEWORKS_FOLDER_PATH}/ORM2FMDB.framework",
				"${TARGET_BUILD_DIR}/${FRAMEWORKS_FOLDER_PATH}/RealReachability.framework",
				"${TARGET_BUILD_DIR}/${FRAMEWORKS_FOLDER_PATH}/Realm.framework",
			);
			runOnlyForDeploymentPostprocessing = 0;
			shellPath = /bin/sh;
			shellScript = "\"${PODS_ROOT}/Target Support Files/Pods-RetryNetwork/Pods-RetryNetwork-frameworks.sh\"\n";
			showEnvVarsInLog = 0;
		};
		BCC2867B5B89E3CE2C2C3B9E /* [CP] Check Pods Manifest.lock */ = {
			isa = PBXShellScriptBuildPhase;
			buildActionMask = 2147483647;
			files = (
			);
			inputFileListPaths = (
			);
			inputPaths = (
				"${PODS_PODFILE_DIR_PATH}/Podfile.lock",
				"${PODS_ROOT}/Manifest.lock",
			);
			name = "[CP] Check Pods Manifest.lock";
			outputFileListPaths = (
			);
			outputPaths = (
				"$(DERIVED_FILE_DIR)/Pods-iTBoyer.util.tryNetwork-checkManifestLockResult.txt",
			);
			runOnlyForDeploymentPostprocessing = 0;
			shellPath = /bin/sh;
			shellScript = "diff \"${PODS_PODFILE_DIR_PATH}/Podfile.lock\" \"${PODS_ROOT}/Manifest.lock\" > /dev/null\nif [ $? != 0 ] ; then\n    # print error to STDERR\n    echo \"error: The sandbox is not in sync with the Podfile.lock. Run 'pod install' or update your CocoaPods installation.\" >&2\n    exit 1\nfi\n# This output is used by Xcode 'outputs' to avoid re-running this script phase.\necho \"SUCCESS\" > \"${SCRIPT_OUTPUT_FILE_0}\"\n";
			showEnvVarsInLog = 0;
		};
/* End PBXShellScriptBuildPhase section */

/* Begin PBXSourcesBuildPhase section */
		094336BB1FEB6AAC00EF74FF /* Sources */ = {
			isa = PBXSourcesBuildPhase;
			buildActionMask = 2147483647;
			files = (
				09B539A91FF1E90D00FF08F5 /* ZYRequestRealm.m in Sources */,
				09D238C91FF0E91E00F72E7A /* ZYRequestCache.m in Sources */,
				094336C71FEB6AAD00EF74FF /* ViewController.m in Sources */,
				094336D21FEB6AAD00EF74FF /* main.m in Sources */,
				09D238C61FF0E83B00F72E7A /* NSString+MD5.m in Sources */,
				094337011FEBC17100EF74FF /* ZYRequest.m in Sources */,
				094336C41FEB6AAC00EF74FF /* AppDelegate.m in Sources */,
				09F1AE1B1FEC9F5700119511 /* YQDHttpClinetCore.m in Sources */,
				09D238C21FF0E65E00F72E7A /* YQDStorageUtils.m in Sources */,
				094337041FEBC17E00EF74FF /* ZYRequestManager.m in Sources */,
			);
			runOnlyForDeploymentPostprocessing = 0;
		};
		094336D31FEB6AAD00EF74FF /* Sources */ = {
			isa = PBXSourcesBuildPhase;
			buildActionMask = 2147483647;
			files = (
				094336DC1FEB6AAD00EF74FF /* ______Tests.m in Sources */,
			);
			runOnlyForDeploymentPostprocessing = 0;
		};
		094336DE1FEB6AAD00EF74FF /* Sources */ = {
			isa = PBXSourcesBuildPhase;
			buildActionMask = 2147483647;
			files = (
				094336E71FEB6AAD00EF74FF /* ______UITests.m in Sources */,
			);
			runOnlyForDeploymentPostprocessing = 0;
		};
		84CAEAC922DC84D50002822D /* Sources */ = {
			isa = PBXSourcesBuildPhase;
			buildActionMask = 2147483647;
			files = (
				84CAEB1822DC84F40002822D /* RetryDBManager.m in Sources */,
				84CAEB1522DC84F40002822D /* SuRequestManager.m in Sources */,
				84A75BA4231F6898009D8EF7 /* SuperAddRectTask.m in Sources */,
				84CAEB1622DC84F40002822D /* SuRequest.m in Sources */,
				84A75B9D231F6482009D8EF7 /* APIRequest.m in Sources */,
				84A75BB1231F6967009D8EF7 /* SuperRectOptPics.m in Sources */,
			);
			runOnlyForDeploymentPostprocessing = 0;
		};
		84CAEAD122DC84D50002822D /* Sources */ = {
			isa = PBXSourcesBuildPhase;
			buildActionMask = 2147483647;
			files = (
				84CAEADD22DC84D50002822D /* iTBoyer_util_tryNetworkTests.m in Sources */,
			);
			runOnlyForDeploymentPostprocessing = 0;
		};
/* End PBXSourcesBuildPhase section */

/* Begin PBXTargetDependency section */
		094336D91FEB6AAD00EF74FF /* PBXTargetDependency */ = {
			isa = PBXTargetDependency;
			target = 094336BE1FEB6AAC00EF74FF /* RetryNetwork */;
			targetProxy = 094336D81FEB6AAD00EF74FF /* PBXContainerItemProxy */;
		};
		094336E41FEB6AAD00EF74FF /* PBXTargetDependency */ = {
			isa = PBXTargetDependency;
			target = 094336BE1FEB6AAC00EF74FF /* RetryNetwork */;
			targetProxy = 094336E31FEB6AAD00EF74FF /* PBXContainerItemProxy */;
		};
		84CAEAD822DC84D50002822D /* PBXTargetDependency */ = {
			isa = PBXTargetDependency;
			target = 84CAEACC22DC84D50002822D /* iTBoyer.util.tryNetwork */;
			targetProxy = 84CAEAD722DC84D50002822D /* PBXContainerItemProxy */;
		};
		84CAEADA22DC84D50002822D /* PBXTargetDependency */ = {
			isa = PBXTargetDependency;
			target = 094336BE1FEB6AAC00EF74FF /* RetryNetwork */;
			targetProxy = 84CAEAD922DC84D50002822D /* PBXContainerItemProxy */;
		};
		84CAEAE122DC84D50002822D /* PBXTargetDependency */ = {
			isa = PBXTargetDependency;
			target = 84CAEACC22DC84D50002822D /* iTBoyer.util.tryNetwork */;
			targetProxy = 84CAEAE022DC84D50002822D /* PBXContainerItemProxy */;
		};
/* End PBXTargetDependency section */

/* Begin PBXVariantGroup section */
		094336C81FEB6AAD00EF74FF /* Main.storyboard */ = {
			isa = PBXVariantGroup;
			children = (
				094336C91FEB6AAD00EF74FF /* Base */,
			);
			name = Main.storyboard;
			sourceTree = "<group>";
		};
		094336CD1FEB6AAD00EF74FF /* LaunchScreen.storyboard */ = {
			isa = PBXVariantGroup;
			children = (
				094336CE1FEB6AAD00EF74FF /* Base */,
			);
			name = LaunchScreen.storyboard;
			sourceTree = "<group>";
		};
/* End PBXVariantGroup section */

/* Begin XCBuildConfiguration section */
		094336E91FEB6AAD00EF74FF /* Debug */ = {
			isa = XCBuildConfiguration;
			buildSettings = {
				ALWAYS_SEARCH_USER_PATHS = NO;
				CLANG_ANALYZER_NONNULL = YES;
				CLANG_ANALYZER_NUMBER_OBJECT_CONVERSION = YES_AGGRESSIVE;
				CLANG_CXX_LANGUAGE_STANDARD = "gnu++14";
				CLANG_CXX_LIBRARY = "libc++";
				CLANG_ENABLE_MODULES = YES;
				CLANG_ENABLE_OBJC_ARC = YES;
				CLANG_WARN_BLOCK_CAPTURE_AUTORELEASING = YES;
				CLANG_WARN_BOOL_CONVERSION = YES;
				CLANG_WARN_COMMA = YES;
				CLANG_WARN_CONSTANT_CONVERSION = YES;
				CLANG_WARN_DIRECT_OBJC_ISA_USAGE = YES_ERROR;
				CLANG_WARN_DOCUMENTATION_COMMENTS = YES;
				CLANG_WARN_EMPTY_BODY = YES;
				CLANG_WARN_ENUM_CONVERSION = YES;
				CLANG_WARN_INFINITE_RECURSION = YES;
				CLANG_WARN_INT_CONVERSION = YES;
				CLANG_WARN_NON_LITERAL_NULL_CONVERSION = YES;
				CLANG_WARN_OBJC_LITERAL_CONVERSION = YES;
				CLANG_WARN_OBJC_ROOT_CLASS = YES_ERROR;
				CLANG_WARN_RANGE_LOOP_ANALYSIS = YES;
				CLANG_WARN_STRICT_PROTOTYPES = YES;
				CLANG_WARN_SUSPICIOUS_MOVE = YES;
				CLANG_WARN_UNGUARDED_AVAILABILITY = YES_AGGRESSIVE;
				CLANG_WARN_UNREACHABLE_CODE = YES;
				CLANG_WARN__DUPLICATE_METHOD_MATCH = YES;
				CODE_SIGN_IDENTITY = "iPhone Developer";
				COPY_PHASE_STRIP = NO;
				DEBUG_INFORMATION_FORMAT = dwarf;
				ENABLE_STRICT_OBJC_MSGSEND = YES;
				ENABLE_TESTABILITY = YES;
				GCC_C_LANGUAGE_STANDARD = gnu11;
				GCC_DYNAMIC_NO_PIC = NO;
				GCC_NO_COMMON_BLOCKS = YES;
				GCC_OPTIMIZATION_LEVEL = 0;
				GCC_PREPROCESSOR_DEFINITIONS = (
					"DEBUG=1",
					"$(inherited)",
				);
				GCC_WARN_64_TO_32_BIT_CONVERSION = YES;
				GCC_WARN_ABOUT_RETURN_TYPE = YES_ERROR;
				GCC_WARN_UNDECLARED_SELECTOR = YES;
				GCC_WARN_UNINITIALIZED_AUTOS = YES_AGGRESSIVE;
				GCC_WARN_UNUSED_FUNCTION = YES;
				GCC_WARN_UNUSED_VARIABLE = YES;
				IPHONEOS_DEPLOYMENT_TARGET = 11.2;
				MTL_ENABLE_DEBUG_INFO = YES;
				ONLY_ACTIVE_ARCH = YES;
				SDKROOT = iphoneos;
			};
			name = Debug;
		};
		094336EA1FEB6AAD00EF74FF /* Release */ = {
			isa = XCBuildConfiguration;
			buildSettings = {
				ALWAYS_SEARCH_USER_PATHS = NO;
				CLANG_ANALYZER_NONNULL = YES;
				CLANG_ANALYZER_NUMBER_OBJECT_CONVERSION = YES_AGGRESSIVE;
				CLANG_CXX_LANGUAGE_STANDARD = "gnu++14";
				CLANG_CXX_LIBRARY = "libc++";
				CLANG_ENABLE_MODULES = YES;
				CLANG_ENABLE_OBJC_ARC = YES;
				CLANG_WARN_BLOCK_CAPTURE_AUTORELEASING = YES;
				CLANG_WARN_BOOL_CONVERSION = YES;
				CLANG_WARN_COMMA = YES;
				CLANG_WARN_CONSTANT_CONVERSION = YES;
				CLANG_WARN_DIRECT_OBJC_ISA_USAGE = YES_ERROR;
				CLANG_WARN_DOCUMENTATION_COMMENTS = YES;
				CLANG_WARN_EMPTY_BODY = YES;
				CLANG_WARN_ENUM_CONVERSION = YES;
				CLANG_WARN_INFINITE_RECURSION = YES;
				CLANG_WARN_INT_CONVERSION = YES;
				CLANG_WARN_NON_LITERAL_NULL_CONVERSION = YES;
				CLANG_WARN_OBJC_LITERAL_CONVERSION = YES;
				CLANG_WARN_OBJC_ROOT_CLASS = YES_ERROR;
				CLANG_WARN_RANGE_LOOP_ANALYSIS = YES;
				CLANG_WARN_STRICT_PROTOTYPES = YES;
				CLANG_WARN_SUSPICIOUS_MOVE = YES;
				CLANG_WARN_UNGUARDED_AVAILABILITY = YES_AGGRESSIVE;
				CLANG_WARN_UNREACHABLE_CODE = YES;
				CLANG_WARN__DUPLICATE_METHOD_MATCH = YES;
				CODE_SIGN_IDENTITY = "iPhone Developer";
				COPY_PHASE_STRIP = NO;
				DEBUG_INFORMATION_FORMAT = "dwarf-with-dsym";
				ENABLE_NS_ASSERTIONS = NO;
				ENABLE_STRICT_OBJC_MSGSEND = YES;
				GCC_C_LANGUAGE_STANDARD = gnu11;
				GCC_NO_COMMON_BLOCKS = YES;
				GCC_WARN_64_TO_32_BIT_CONVERSION = YES;
				GCC_WARN_ABOUT_RETURN_TYPE = YES_ERROR;
				GCC_WARN_UNDECLARED_SELECTOR = YES;
				GCC_WARN_UNINITIALIZED_AUTOS = YES_AGGRESSIVE;
				GCC_WARN_UNUSED_FUNCTION = YES;
				GCC_WARN_UNUSED_VARIABLE = YES;
				IPHONEOS_DEPLOYMENT_TARGET = 11.2;
				MTL_ENABLE_DEBUG_INFO = NO;
				SDKROOT = iphoneos;
				VALIDATE_PRODUCT = YES;
			};
			name = Release;
		};
		094336EC1FEB6AAD00EF74FF /* Debug */ = {
			isa = XCBuildConfiguration;
			baseConfigurationReference = 804E154617E811741B154B47 /* Pods-RetryNetwork.debug.xcconfig */;
			buildSettings = {
				ASSETCATALOG_COMPILER_APPICON_NAME = AppIcon;
				CODE_SIGN_STYLE = Automatic;
				DEVELOPMENT_TEAM = 2C4H9T5RF5;
				INFOPLIST_FILE = RetryNetwork/Info.plist;
				IPHONEOS_DEPLOYMENT_TARGET = 9.0;
				LD_RUNPATH_SEARCH_PATHS = "$(inherited) @executable_path/Frameworks";
				PRODUCT_BUNDLE_IDENTIFIER = com.jinher.ppp;
				PRODUCT_NAME = "$(TARGET_NAME)";
				TARGETED_DEVICE_FAMILY = "1,2";
			};
			name = Debug;
		};
		094336ED1FEB6AAD00EF74FF /* Release */ = {
			isa = XCBuildConfiguration;
			baseConfigurationReference = 39D57784AE419F640C62ADB2 /* Pods-RetryNetwork.release.xcconfig */;
			buildSettings = {
				ASSETCATALOG_COMPILER_APPICON_NAME = AppIcon;
				CODE_SIGN_STYLE = Automatic;
				DEVELOPMENT_TEAM = 2C4H9T5RF5;
				INFOPLIST_FILE = RetryNetwork/Info.plist;
				IPHONEOS_DEPLOYMENT_TARGET = 9.0;
				LD_RUNPATH_SEARCH_PATHS = "$(inherited) @executable_path/Frameworks";
				PRODUCT_BUNDLE_IDENTIFIER = com.jinher.ppp;
				PRODUCT_NAME = "$(TARGET_NAME)";
				TARGETED_DEVICE_FAMILY = "1,2";
			};
			name = Release;
		};
		094336EF1FEB6AAD00EF74FF /* Debug */ = {
			isa = XCBuildConfiguration;
			buildSettings = {
				BUNDLE_LOADER = "$(TEST_HOST)";
				CODE_SIGN_STYLE = Automatic;
				DEVELOPMENT_TEAM = T6FCKHRT95;
				INFOPLIST_FILE = RetryNetworkTests/Info.plist;
				LD_RUNPATH_SEARCH_PATHS = "$(inherited) @executable_path/Frameworks @loader_path/Frameworks";
				PRODUCT_BUNDLE_IDENTIFIER = "ppp.------Tests";
				PRODUCT_NAME = "$(TARGET_NAME)";
				TARGETED_DEVICE_FAMILY = "1,2";
				TEST_HOST = "$(BUILT_PRODUCTS_DIR)/RetryNetwork.app/RetryNetwork";
			};
			name = Debug;
		};
		094336F01FEB6AAD00EF74FF /* Release */ = {
			isa = XCBuildConfiguration;
			buildSettings = {
				BUNDLE_LOADER = "$(TEST_HOST)";
				CODE_SIGN_STYLE = Automatic;
				DEVELOPMENT_TEAM = T6FCKHRT95;
				INFOPLIST_FILE = RetryNetworkTests/Info.plist;
				LD_RUNPATH_SEARCH_PATHS = "$(inherited) @executable_path/Frameworks @loader_path/Frameworks";
				PRODUCT_BUNDLE_IDENTIFIER = "ppp.------Tests";
				PRODUCT_NAME = "$(TARGET_NAME)";
				TARGETED_DEVICE_FAMILY = "1,2";
				TEST_HOST = "$(BUILT_PRODUCTS_DIR)/RetryNetwork.app/RetryNetwork";
			};
			name = Release;
		};
		094336F21FEB6AAD00EF74FF /* Debug */ = {
			isa = XCBuildConfiguration;
			buildSettings = {
				CODE_SIGN_STYLE = Automatic;
				DEVELOPMENT_TEAM = T6FCKHRT95;
				INFOPLIST_FILE = RetryNetworkUITests/Info.plist;
				LD_RUNPATH_SEARCH_PATHS = "$(inherited) @executable_path/Frameworks @loader_path/Frameworks";
				PRODUCT_BUNDLE_IDENTIFIER = "ppp.------UITests";
				PRODUCT_NAME = "$(TARGET_NAME)";
				TARGETED_DEVICE_FAMILY = "1,2";
				TEST_TARGET_NAME = RetryNetwork;
			};
			name = Debug;
		};
		094336F31FEB6AAD00EF74FF /* Release */ = {
			isa = XCBuildConfiguration;
			buildSettings = {
				CODE_SIGN_STYLE = Automatic;
				DEVELOPMENT_TEAM = T6FCKHRT95;
				INFOPLIST_FILE = RetryNetworkUITests/Info.plist;
				LD_RUNPATH_SEARCH_PATHS = "$(inherited) @executable_path/Frameworks @loader_path/Frameworks";
				PRODUCT_BUNDLE_IDENTIFIER = "ppp.------UITests";
				PRODUCT_NAME = "$(TARGET_NAME)";
				TARGETED_DEVICE_FAMILY = "1,2";
				TEST_TARGET_NAME = RetryNetwork;
			};
			name = Release;
		};
		84CAEAE522DC84D50002822D /* Debug */ = {
			isa = XCBuildConfiguration;
			baseConfigurationReference = 44753B145BBF8DD41B168307 /* Pods-iTBoyer.util.tryNetwork.debug.xcconfig */;
			buildSettings = {
				CLANG_ENABLE_MODULES = YES;
				CLANG_ENABLE_OBJC_WEAK = YES;
				CLANG_WARN_DEPRECATED_OBJC_IMPLEMENTATIONS = YES;
				CLANG_WARN_OBJC_IMPLICIT_RETAIN_SELF = YES;
				CODE_SIGN_STYLE = Automatic;
				CURRENT_PROJECT_VERSION = 1;
				DEFINES_MODULE = YES;
				DEVELOPMENT_TEAM = 2C4H9T5RF5;
				DYLIB_COMPATIBILITY_VERSION = 1;
				DYLIB_CURRENT_VERSION = 1;
				DYLIB_INSTALL_NAME_BASE = "@rpath";
				INFOPLIST_FILE = iTBoyer.util.tryNetwork/Info.plist;
				INSTALL_PATH = "$(LOCAL_LIBRARY_DIR)/Frameworks";
				IPHONEOS_DEPLOYMENT_TARGET = 13.0;
				LD_RUNPATH_SEARCH_PATHS = "$(inherited) @executable_path/Frameworks @loader_path/Frameworks";
				MTL_ENABLE_DEBUG_INFO = INCLUDE_SOURCE;
				MTL_FAST_MATH = YES;
				PRODUCT_BUNDLE_IDENTIFIER = "jinher.com.iTBoyer-util-tryNetwork";
				PRODUCT_NAME = "$(TARGET_NAME:c99extidentifier)";
				SKIP_INSTALL = YES;
				SWIFT_OPTIMIZATION_LEVEL = "-Onone";
				SWIFT_VERSION = 5.0;
				TARGETED_DEVICE_FAMILY = "1,2";
				VERSIONING_SYSTEM = "apple-generic";
				VERSION_INFO_PREFIX = "";
			};
			name = Debug;
		};
		84CAEAE622DC84D50002822D /* Release */ = {
			isa = XCBuildConfiguration;
			baseConfigurationReference = 016F43D8D39852D0326F7B5E /* Pods-iTBoyer.util.tryNetwork.release.xcconfig */;
			buildSettings = {
				CLANG_ENABLE_MODULES = YES;
				CLANG_ENABLE_OBJC_WEAK = YES;
				CLANG_WARN_DEPRECATED_OBJC_IMPLEMENTATIONS = YES;
				CLANG_WARN_OBJC_IMPLICIT_RETAIN_SELF = YES;
				CODE_SIGN_STYLE = Automatic;
				CURRENT_PROJECT_VERSION = 1;
				DEFINES_MODULE = YES;
				DEVELOPMENT_TEAM = 2C4H9T5RF5;
				DYLIB_COMPATIBILITY_VERSION = 1;
				DYLIB_CURRENT_VERSION = 1;
				DYLIB_INSTALL_NAME_BASE = "@rpath";
				INFOPLIST_FILE = iTBoyer.util.tryNetwork/Info.plist;
				INSTALL_PATH = "$(LOCAL_LIBRARY_DIR)/Frameworks";
				IPHONEOS_DEPLOYMENT_TARGET = 13.0;
				LD_RUNPATH_SEARCH_PATHS = "$(inherited) @executable_path/Frameworks @loader_path/Frameworks";
				MTL_FAST_MATH = YES;
				PRODUCT_BUNDLE_IDENTIFIER = "jinher.com.iTBoyer-util-tryNetwork";
				PRODUCT_NAME = "$(TARGET_NAME:c99extidentifier)";
				SKIP_INSTALL = YES;
				SWIFT_VERSION = 5.0;
				TARGETED_DEVICE_FAMILY = "1,2";
				VERSIONING_SYSTEM = "apple-generic";
				VERSION_INFO_PREFIX = "";
			};
			name = Release;
		};
		84CAEAE722DC84D50002822D /* Debug */ = {
			isa = XCBuildConfiguration;
			buildSettings = {
				CLANG_ENABLE_OBJC_WEAK = YES;
				CLANG_WARN_DEPRECATED_OBJC_IMPLEMENTATIONS = YES;
				CLANG_WARN_OBJC_IMPLICIT_RETAIN_SELF = YES;
				CODE_SIGN_STYLE = Automatic;
				INFOPLIST_FILE = iTBoyer.util.tryNetworkTests/Info.plist;
				IPHONEOS_DEPLOYMENT_TARGET = 13.0;
				LD_RUNPATH_SEARCH_PATHS = "$(inherited) @executable_path/Frameworks @loader_path/Frameworks";
				MTL_ENABLE_DEBUG_INFO = INCLUDE_SOURCE;
				MTL_FAST_MATH = YES;
				PRODUCT_BUNDLE_IDENTIFIER = "jinher.com.iTBoyer-util-tryNetworkTests";
				PRODUCT_NAME = "$(TARGET_NAME)";
				TARGETED_DEVICE_FAMILY = "1,2";
				TEST_HOST = "$(BUILT_PRODUCTS_DIR)/RetryNetwork.app/RetryNetwork";
			};
			name = Debug;
		};
		84CAEAE822DC84D50002822D /* Release */ = {
			isa = XCBuildConfiguration;
			buildSettings = {
				CLANG_ENABLE_OBJC_WEAK = YES;
				CLANG_WARN_DEPRECATED_OBJC_IMPLEMENTATIONS = YES;
				CLANG_WARN_OBJC_IMPLICIT_RETAIN_SELF = YES;
				CODE_SIGN_STYLE = Automatic;
				INFOPLIST_FILE = iTBoyer.util.tryNetworkTests/Info.plist;
				IPHONEOS_DEPLOYMENT_TARGET = 13.0;
				LD_RUNPATH_SEARCH_PATHS = "$(inherited) @executable_path/Frameworks @loader_path/Frameworks";
				MTL_FAST_MATH = YES;
				PRODUCT_BUNDLE_IDENTIFIER = "jinher.com.iTBoyer-util-tryNetworkTests";
				PRODUCT_NAME = "$(TARGET_NAME)";
				TARGETED_DEVICE_FAMILY = "1,2";
				TEST_HOST = "$(BUILT_PRODUCTS_DIR)/RetryNetwork.app/RetryNetwork";
			};
			name = Release;
		};
/* End XCBuildConfiguration section */

/* Begin XCConfigurationList section */
		094336BA1FEB6AAC00EF74FF /* Build configuration list for PBXProject "RetryNetwork" */ = {
			isa = XCConfigurationList;
			buildConfigurations = (
				094336E91FEB6AAD00EF74FF /* Debug */,
				094336EA1FEB6AAD00EF74FF /* Release */,
			);
			defaultConfigurationIsVisible = 0;
			defaultConfigurationName = Release;
		};
		094336EB1FEB6AAD00EF74FF /* Build configuration list for PBXNativeTarget "RetryNetwork" */ = {
			isa = XCConfigurationList;
			buildConfigurations = (
				094336EC1FEB6AAD00EF74FF /* Debug */,
				094336ED1FEB6AAD00EF74FF /* Release */,
			);
			defaultConfigurationIsVisible = 0;
			defaultConfigurationName = Release;
		};
		094336EE1FEB6AAD00EF74FF /* Build configuration list for PBXNativeTarget "RetryNetworkTests" */ = {
			isa = XCConfigurationList;
			buildConfigurations = (
				094336EF1FEB6AAD00EF74FF /* Debug */,
				094336F01FEB6AAD00EF74FF /* Release */,
			);
			defaultConfigurationIsVisible = 0;
			defaultConfigurationName = Release;
		};
		094336F11FEB6AAD00EF74FF /* Build configuration list for PBXNativeTarget "RetryNetworkUITests" */ = {
			isa = XCConfigurationList;
			buildConfigurations = (
				094336F21FEB6AAD00EF74FF /* Debug */,
				094336F31FEB6AAD00EF74FF /* Release */,
			);
			defaultConfigurationIsVisible = 0;
			defaultConfigurationName = Release;
		};
		84CAEAE922DC84D50002822D /* Build configuration list for PBXNativeTarget "iTBoyer.util.tryNetwork" */ = {
			isa = XCConfigurationList;
			buildConfigurations = (
				84CAEAE522DC84D50002822D /* Debug */,
				84CAEAE622DC84D50002822D /* Release */,
			);
			defaultConfigurationIsVisible = 0;
			defaultConfigurationName = Release;
		};
		84CAEAEA22DC84D50002822D /* Build configuration list for PBXNativeTarget "iTBoyer.util.tryNetworkTests" */ = {
			isa = XCConfigurationList;
			buildConfigurations = (
				84CAEAE722DC84D50002822D /* Debug */,
				84CAEAE822DC84D50002822D /* Release */,
			);
			defaultConfigurationIsVisible = 0;
			defaultConfigurationName = Release;
		};
/* End XCConfigurationList section */
	};
	rootObject = 094336B71FEB6AAC00EF74FF /* Project object */;
}
